// !$*UTF8*$!
{
	archiveVersion = 1;
	classes = {
	};
	objectVersion = 50;
	objects = {

/* Begin PBXBuildFile section */
		53795C1721667B5F004DD6AF /* PagedPhotosResponse.swift in Sources */ = {isa = PBXBuildFile; fileRef = 53795C1621667B5F004DD6AF /* PagedPhotosResponse.swift */; };
		53795C182166AB50004DD6AF /* ServerConfiguration.swift in Sources */ = {isa = PBXBuildFile; fileRef = 53C04732215E068B006C2723 /* ServerConfiguration.swift */; };
		5390412D218086C5000B9BAD /* CFNetwork.framework in Frameworks */ = {isa = PBXBuildFile; fileRef = 5390412C218086C5000B9BAD /* CFNetwork.framework */; };
		53C0472F215E0218006C2723 /* HTTPURLResponse.swift in Sources */ = {isa = PBXBuildFile; fileRef = 53C0472E215E0218006C2723 /* HTTPURLResponse.swift */; };
		53C04731215E053D006C2723 /* SearchRequest.swift in Sources */ = {isa = PBXBuildFile; fileRef = 53C04730215E053D006C2723 /* SearchRequest.swift */; };
		53DC63BE2164A0890020F924 /* Photo.swift in Sources */ = {isa = PBXBuildFile; fileRef = 53DC63BD2164A0890020F924 /* Photo.swift */; };
		53DC7EB4215D2DE700E0B183 /* FlickrPhotoGalleryViewController.swift in Sources */ = {isa = PBXBuildFile; fileRef = 53DC7EB3215D2DE700E0B183 /* FlickrPhotoGalleryViewController.swift */; };
		53DC7EB8215D303200E0B183 /* PhotoCollectionViewCell.swift in Sources */ = {isa = PBXBuildFile; fileRef = 53DC7EB7215D303200E0B183 /* PhotoCollectionViewCell.swift */; };
		53DC7EBC215D3A5E00E0B183 /* HTTPRequestManager.swift in Sources */ = {isa = PBXBuildFile; fileRef = 53DC7EBB215D3A5E00E0B183 /* HTTPRequestManager.swift */; };
		53EA1C9F2153FD7B0030FAF3 /* AppDelegate.swift in Sources */ = {isa = PBXBuildFile; fileRef = 53EA1C9E2153FD7B0030FAF3 /* AppDelegate.swift */; };
		53EA1CA12153FD7B0030FAF3 /* FlickrSearchViewController.swift in Sources */ = {isa = PBXBuildFile; fileRef = 53EA1CA02153FD7B0030FAF3 /* FlickrSearchViewController.swift */; };
		53EA1CA42153FD7B0030FAF3 /* Main.storyboard in Resources */ = {isa = PBXBuildFile; fileRef = 53EA1CA22153FD7B0030FAF3 /* Main.storyboard */; };
		53EA1CA62153FD7C0030FAF3 /* Assets.xcassets in Resources */ = {isa = PBXBuildFile; fileRef = 53EA1CA52153FD7C0030FAF3 /* Assets.xcassets */; };
		53EA1CA92153FD7C0030FAF3 /* LaunchScreen.storyboard in Resources */ = {isa = PBXBuildFile; fileRef = 53EA1CA72153FD7C0030FAF3 /* LaunchScreen.storyboard */; };
		53EA1CB42153FD7C0030FAF3 /* FlickrAPISearchTests.swift in Sources */ = {isa = PBXBuildFile; fileRef = 53EA1CB32153FD7C0030FAF3 /* FlickrAPISearchTests.swift */; };
		53EA1CBF2153FD7C0030FAF3 /* FlickrAPISearchUITests.swift in Sources */ = {isa = PBXBuildFile; fileRef = 53EA1CBE2153FD7C0030FAF3 /* FlickrAPISearchUITests.swift */; };
/* End PBXBuildFile section */

/* Begin PBXContainerItemProxy section */
		53EA1CB02153FD7C0030FAF3 /* PBXContainerItemProxy */ = {
			isa = PBXContainerItemProxy;
			containerPortal = 53EA1C932153FD7B0030FAF3 /* Project object */;
			proxyType = 1;
			remoteGlobalIDString = 53EA1C9A2153FD7B0030FAF3;
			remoteInfo = FlickrAPISearch;
		};
		53EA1CBB2153FD7C0030FAF3 /* PBXContainerItemProxy */ = {
			isa = PBXContainerItemProxy;
			containerPortal = 53EA1C932153FD7B0030FAF3 /* Project object */;
			proxyType = 1;
			remoteGlobalIDString = 53EA1C9A2153FD7B0030FAF3;
			remoteInfo = FlickrAPISearch;
		};
/* End PBXContainerItemProxy section */

/* Begin PBXFileReference section */
		53795C1621667B5F004DD6AF /* PagedPhotosResponse.swift */ = {isa = PBXFileReference; lastKnownFileType = sourcecode.swift; path = PagedPhotosResponse.swift; sourceTree = "<group>"; };
		5390412C218086C5000B9BAD /* CFNetwork.framework */ = {isa = PBXFileReference; lastKnownFileType = wrapper.framework; name = CFNetwork.framework; path = System/Library/Frameworks/CFNetwork.framework; sourceTree = SDKROOT; };
		53C0472E215E0218006C2723 /* HTTPURLResponse.swift */ = {isa = PBXFileReference; lastKnownFileType = sourcecode.swift; path = HTTPURLResponse.swift; sourceTree = "<group>"; };
		53C04730215E053D006C2723 /* SearchRequest.swift */ = {isa = PBXFileReference; lastKnownFileType = sourcecode.swift; path = SearchRequest.swift; sourceTree = "<group>"; };
		53C04732215E068B006C2723 /* ServerConfiguration.swift */ = {isa = PBXFileReference; lastKnownFileType = sourcecode.swift; path = ServerConfiguration.swift; sourceTree = "<group>"; };
		53DC63BD2164A0890020F924 /* Photo.swift */ = {isa = PBXFileReference; lastKnownFileType = sourcecode.swift; path = Photo.swift; sourceTree = "<group>"; };
		53DC7EB3215D2DE700E0B183 /* FlickrPhotoGalleryViewController.swift */ = {isa = PBXFileReference; lastKnownFileType = sourcecode.swift; path = FlickrPhotoGalleryViewController.swift; sourceTree = "<group>"; };
		53DC7EB7215D303200E0B183 /* PhotoCollectionViewCell.swift */ = {isa = PBXFileReference; lastKnownFileType = sourcecode.swift; path = PhotoCollectionViewCell.swift; sourceTree = "<group>"; };
		53DC7EBB215D3A5E00E0B183 /* HTTPRequestManager.swift */ = {isa = PBXFileReference; lastKnownFileType = sourcecode.swift; path = HTTPRequestManager.swift; sourceTree = "<group>"; };
		53EA1C9B2153FD7B0030FAF3 /* FlickrAPISearch.app */ = {isa = PBXFileReference; explicitFileType = wrapper.application; includeInIndex = 0; path = FlickrAPISearch.app; sourceTree = BUILT_PRODUCTS_DIR; };
		53EA1C9E2153FD7B0030FAF3 /* AppDelegate.swift */ = {isa = PBXFileReference; lastKnownFileType = sourcecode.swift; path = AppDelegate.swift; sourceTree = "<group>"; };
		53EA1CA02153FD7B0030FAF3 /* FlickrSearchViewController.swift */ = {isa = PBXFileReference; lastKnownFileType = sourcecode.swift; path = FlickrSearchViewController.swift; sourceTree = "<group>"; };
		53EA1CA32153FD7B0030FAF3 /* Base */ = {isa = PBXFileReference; lastKnownFileType = file.storyboard; name = Base; path = Base.lproj/Main.storyboard; sourceTree = "<group>"; };
		53EA1CA52153FD7C0030FAF3 /* Assets.xcassets */ = {isa = PBXFileReference; lastKnownFileType = folder.assetcatalog; path = Assets.xcassets; sourceTree = "<group>"; };
		53EA1CA82153FD7C0030FAF3 /* Base */ = {isa = PBXFileReference; lastKnownFileType = file.storyboard; name = Base; path = Base.lproj/LaunchScreen.storyboard; sourceTree = "<group>"; };
		53EA1CAA2153FD7C0030FAF3 /* Info.plist */ = {isa = PBXFileReference; lastKnownFileType = text.plist.xml; path = Info.plist; sourceTree = "<group>"; };
		53EA1CAF2153FD7C0030FAF3 /* FlickrAPISearchTests.xctest */ = {isa = PBXFileReference; explicitFileType = wrapper.cfbundle; includeInIndex = 0; path = FlickrAPISearchTests.xctest; sourceTree = BUILT_PRODUCTS_DIR; };
		53EA1CB32153FD7C0030FAF3 /* FlickrAPISearchTests.swift */ = {isa = PBXFileReference; lastKnownFileType = sourcecode.swift; path = FlickrAPISearchTests.swift; sourceTree = "<group>"; };
		53EA1CB52153FD7C0030FAF3 /* Info.plist */ = {isa = PBXFileReference; lastKnownFileType = text.plist.xml; path = Info.plist; sourceTree = "<group>"; };
		53EA1CBA2153FD7C0030FAF3 /* FlickrAPISearchUITests.xctest */ = {isa = PBXFileReference; explicitFileType = wrapper.cfbundle; includeInIndex = 0; path = FlickrAPISearchUITests.xctest; sourceTree = BUILT_PRODUCTS_DIR; };
		53EA1CBE2153FD7C0030FAF3 /* FlickrAPISearchUITests.swift */ = {isa = PBXFileReference; lastKnownFileType = sourcecode.swift; path = FlickrAPISearchUITests.swift; sourceTree = "<group>"; };
		53EA1CC02153FD7C0030FAF3 /* Info.plist */ = {isa = PBXFileReference; lastKnownFileType = text.plist.xml; path = Info.plist; sourceTree = "<group>"; };
/* End PBXFileReference section */

/* Begin PBXFrameworksBuildPhase section */
		53EA1C982153FD7B0030FAF3 /* Frameworks */ = {
			isa = PBXFrameworksBuildPhase;
			buildActionMask = 2147483647;
			files = (
				5390412D218086C5000B9BAD /* CFNetwork.framework in Frameworks */,
			);
			runOnlyForDeploymentPostprocessing = 0;
		};
		53EA1CAC2153FD7C0030FAF3 /* Frameworks */ = {
			isa = PBXFrameworksBuildPhase;
			buildActionMask = 2147483647;
			files = (
			);
			runOnlyForDeploymentPostprocessing = 0;
		};
		53EA1CB72153FD7C0030FAF3 /* Frameworks */ = {
			isa = PBXFrameworksBuildPhase;
			buildActionMask = 2147483647;
			files = (
			);
			runOnlyForDeploymentPostprocessing = 0;
		};
/* End PBXFrameworksBuildPhase section */

/* Begin PBXGroup section */
		5390412B218086C5000B9BAD /* Frameworks */ = {
			isa = PBXGroup;
			children = (
				5390412C218086C5000B9BAD /* CFNetwork.framework */,
			);
			name = Frameworks;
			sourceTree = "<group>";
		};
		53DC7EB2215D2DB400E0B183 /* Controllers */ = {
			isa = PBXGroup;
			children = (
				53EA1CA02153FD7B0030FAF3 /* FlickrSearchViewController.swift */,
				53DC7EB3215D2DE700E0B183 /* FlickrPhotoGalleryViewController.swift */,
			);
			path = Controllers;
			sourceTree = "<group>";
		};
		53DC7EB6215D2FAE00E0B183 /* CollectionViewCell */ = {
			isa = PBXGroup;
			children = (
				53DC7EB7215D303200E0B183 /* PhotoCollectionViewCell.swift */,
			);
			path = CollectionViewCell;
			sourceTree = "<group>";
		};
		53DC7EB9215D341200E0B183 /* REST */ = {
			isa = PBXGroup;
			children = (
				53C04732215E068B006C2723 /* ServerConfiguration.swift */,
				53DC7EBB215D3A5E00E0B183 /* HTTPRequestManager.swift */,
				53C0472E215E0218006C2723 /* HTTPURLResponse.swift */,
				53C04730215E053D006C2723 /* SearchRequest.swift */,
			);
			path = REST;
			sourceTree = "<group>";
		};
		53DC7EBA215D365C00E0B183 /* Models */ = {
			isa = PBXGroup;
			children = (
				53DC63BD2164A0890020F924 /* Photo.swift */,
				53795C1621667B5F004DD6AF /* PagedPhotosResponse.swift */,
			);
			path = Models;
			sourceTree = "<group>";
		};
		53EA1C922153FD7B0030FAF3 = {
			isa = PBXGroup;
			children = (
				53EA1C9D2153FD7B0030FAF3 /* FlickrAPISearch */,
				53EA1CB22153FD7C0030FAF3 /* FlickrAPISearchTests */,
				53EA1CBD2153FD7C0030FAF3 /* FlickrAPISearchUITests */,
				53EA1C9C2153FD7B0030FAF3 /* Products */,
				5390412B218086C5000B9BAD /* Frameworks */,
			);
			sourceTree = "<group>";
		};
		53EA1C9C2153FD7B0030FAF3 /* Products */ = {
			isa = PBXGroup;
			children = (
				53EA1C9B2153FD7B0030FAF3 /* FlickrAPISearch.app */,
				53EA1CAF2153FD7C0030FAF3 /* FlickrAPISearchTests.xctest */,
				53EA1CBA2153FD7C0030FAF3 /* FlickrAPISearchUITests.xctest */,
			);
			name = Products;
			sourceTree = "<group>";
		};
		53EA1C9D2153FD7B0030FAF3 /* FlickrAPISearch */ = {
			isa = PBXGroup;
			children = (
				53EA1C9E2153FD7B0030FAF3 /* AppDelegate.swift */,
				53DC7EBA215D365C00E0B183 /* Models */,
				53DC7EB9215D341200E0B183 /* REST */,
				53DC7EB6215D2FAE00E0B183 /* CollectionViewCell */,
				53DC7EB2215D2DB400E0B183 /* Controllers */,
				53EA1CA22153FD7B0030FAF3 /* Main.storyboard */,
				53EA1CA52153FD7C0030FAF3 /* Assets.xcassets */,
				53EA1CA72153FD7C0030FAF3 /* LaunchScreen.storyboard */,
				53EA1CAA2153FD7C0030FAF3 /* Info.plist */,
			);
			path = FlickrAPISearch;
			sourceTree = "<group>";
		};
		53EA1CB22153FD7C0030FAF3 /* FlickrAPISearchTests */ = {
			isa = PBXGroup;
			children = (
				53EA1CB32153FD7C0030FAF3 /* FlickrAPISearchTests.swift */,
				53EA1CB52153FD7C0030FAF3 /* Info.plist */,
			);
			path = FlickrAPISearchTests;
			sourceTree = "<group>";
		};
		53EA1CBD2153FD7C0030FAF3 /* FlickrAPISearchUITests */ = {
			isa = PBXGroup;
			children = (
				53EA1CBE2153FD7C0030FAF3 /* FlickrAPISearchUITests.swift */,
				53EA1CC02153FD7C0030FAF3 /* Info.plist */,
			);
			path = FlickrAPISearchUITests;
			sourceTree = "<group>";
		};
/* End PBXGroup section */

/* Begin PBXNativeTarget section */
		53EA1C9A2153FD7B0030FAF3 /* FlickrAPISearch */ = {
			isa = PBXNativeTarget;
			buildConfigurationList = 53EA1CC32153FD7C0030FAF3 /* Build configuration list for PBXNativeTarget "FlickrAPISearch" */;
			buildPhases = (
				53EA1C972153FD7B0030FAF3 /* Sources */,
				53EA1C982153FD7B0030FAF3 /* Frameworks */,
				53EA1C992153FD7B0030FAF3 /* Resources */,
			);
			buildRules = (
			);
			dependencies = (
			);
			name = FlickrAPISearch;
			productName = FlickrAPISearch;
			productReference = 53EA1C9B2153FD7B0030FAF3 /* FlickrAPISearch.app */;
			productType = "com.apple.product-type.application";
		};
		53EA1CAE2153FD7C0030FAF3 /* FlickrAPISearchTests */ = {
			isa = PBXNativeTarget;
			buildConfigurationList = 53EA1CC62153FD7C0030FAF3 /* Build configuration list for PBXNativeTarget "FlickrAPISearchTests" */;
			buildPhases = (
				53EA1CAB2153FD7C0030FAF3 /* Sources */,
				53EA1CAC2153FD7C0030FAF3 /* Frameworks */,
				53EA1CAD2153FD7C0030FAF3 /* Resources */,
			);
			buildRules = (
			);
			dependencies = (
				53EA1CB12153FD7C0030FAF3 /* PBXTargetDependency */,
			);
			name = FlickrAPISearchTests;
			productName = FlickrAPISearchTests;
			productReference = 53EA1CAF2153FD7C0030FAF3 /* FlickrAPISearchTests.xctest */;
			productType = "com.apple.product-type.bundle.unit-test";
		};
		53EA1CB92153FD7C0030FAF3 /* FlickrAPISearchUITests */ = {
			isa = PBXNativeTarget;
			buildConfigurationList = 53EA1CC92153FD7C0030FAF3 /* Build configuration list for PBXNativeTarget "FlickrAPISearchUITests" */;
			buildPhases = (
				53EA1CB62153FD7C0030FAF3 /* Sources */,
				53EA1CB72153FD7C0030FAF3 /* Frameworks */,
				53EA1CB82153FD7C0030FAF3 /* Resources */,
			);
			buildRules = (
			);
			dependencies = (
				53EA1CBC2153FD7C0030FAF3 /* PBXTargetDependency */,
			);
			name = FlickrAPISearchUITests;
			productName = FlickrAPISearchUITests;
			productReference = 53EA1CBA2153FD7C0030FAF3 /* FlickrAPISearchUITests.xctest */;
			productType = "com.apple.product-type.bundle.ui-testing";
		};
/* End PBXNativeTarget section */

/* Begin PBXProject section */
		53EA1C932153FD7B0030FAF3 /* Project object */ = {
			isa = PBXProject;
			attributes = {
				LastSwiftUpdateCheck = 0940;
				LastUpgradeCheck = 0940;
				ORGANIZATIONNAME = "Shylaja Mamidala";
				TargetAttributes = {
					53EA1C9A2153FD7B0030FAF3 = {
						CreatedOnToolsVersion = 9.4.1;
					};
					53EA1CAE2153FD7C0030FAF3 = {
						CreatedOnToolsVersion = 9.4.1;
						TestTargetID = 53EA1C9A2153FD7B0030FAF3;
					};
					53EA1CB92153FD7C0030FAF3 = {
						CreatedOnToolsVersion = 9.4.1;
						TestTargetID = 53EA1C9A2153FD7B0030FAF3;
					};
				};
			};
			buildConfigurationList = 53EA1C962153FD7B0030FAF3 /* Build configuration list for PBXProject "FlickrAPISearch" */;
			compatibilityVersion = "Xcode 9.3";
			developmentRegion = en;
			hasScannedForEncodings = 0;
			knownRegions = (
				en,
				Base,
			);
			mainGroup = 53EA1C922153FD7B0030FAF3;
			productRefGroup = 53EA1C9C2153FD7B0030FAF3 /* Products */;
			projectDirPath = "";
			projectRoot = "";
			targets = (
				53EA1C9A2153FD7B0030FAF3 /* FlickrAPISearch */,
				53EA1CAE2153FD7C0030FAF3 /* FlickrAPISearchTests */,
				53EA1CB92153FD7C0030FAF3 /* FlickrAPISearchUITests */,
			);
		};
/* End PBXProject section */

/* Begin PBXResourcesBuildPhase section */
		53EA1C992153FD7B0030FAF3 /* Resources */ = {
			isa = PBXResourcesBuildPhase;
			buildActionMask = 2147483647;
			files = (
				53EA1CA92153FD7C0030FAF3 /* LaunchScreen.storyboard in Resources */,
				53EA1CA62153FD7C0030FAF3 /* Assets.xcassets in Resources */,
				53EA1CA42153FD7B0030FAF3 /* Main.storyboard in Resources */,
			);
			runOnlyForDeploymentPostprocessing = 0;
		};
		53EA1CAD2153FD7C0030FAF3 /* Resources */ = {
			isa = PBXResourcesBuildPhase;
			buildActionMask = 2147483647;
			files = (
			);
			runOnlyForDeploymentPostprocessing = 0;
		};
		53EA1CB82153FD7C0030FAF3 /* Resources */ = {
			isa = PBXResourcesBuildPhase;
			buildActionMask = 2147483647;
			files = (
			);
			runOnlyForDeploymentPostprocessing = 0;
		};
/* End PBXResourcesBuildPhase section */

/* Begin PBXSourcesBuildPhase section */
		53EA1C972153FD7B0030FAF3 /* Sources */ = {
			isa = PBXSourcesBuildPhase;
			buildActionMask = 2147483647;
			files = (
				53DC7EBC215D3A5E00E0B183 /* HTTPRequestManager.swift in Sources */,
				53EA1CA12153FD7B0030FAF3 /* FlickrSearchViewController.swift in Sources */,
				53795C182166AB50004DD6AF /* ServerConfiguration.swift in Sources */,
				53C0472F215E0218006C2723 /* HTTPURLResponse.swift in Sources */,
				53DC7EB8215D303200E0B183 /* PhotoCollectionViewCell.swift in Sources */,
				53DC63BE2164A0890020F924 /* Photo.swift in Sources */,
				53C04731215E053D006C2723 /* SearchRequest.swift in Sources */,
				53EA1C9F2153FD7B0030FAF3 /* AppDelegate.swift in Sources */,
				53795C1721667B5F004DD6AF /* PagedPhotosResponse.swift in Sources */,
				53DC7EB4215D2DE700E0B183 /* FlickrPhotoGalleryViewController.swift in Sources */,
			);
			runOnlyForDeploymentPostprocessing = 0;
		};
		53EA1CAB2153FD7C0030FAF3 /* Sources */ = {
			isa = PBXSourcesBuildPhase;
			buildActionMask = 2147483647;
			files = (
				53EA1CB42153FD7C0030FAF3 /* FlickrAPISearchTests.swift in Sources */,
			);
			runOnlyForDeploymentPostprocessing = 0;
		};
		53EA1CB62153FD7C0030FAF3 /* Sources */ = {
			isa = PBXSourcesBuildPhase;
			buildActionMask = 2147483647;
			files = (
				53EA1CBF2153FD7C0030FAF3 /* FlickrAPISearchUITests.swift in Sources */,
			);
			runOnlyForDeploymentPostprocessing = 0;
		};
/* End PBXSourcesBuildPhase section */

/* Begin PBXTargetDependency section */
		53EA1CB12153FD7C0030FAF3 /* PBXTargetDependency */ = {
			isa = PBXTargetDependency;
			target = 53EA1C9A2153FD7B0030FAF3 /* FlickrAPISearch */;
			targetProxy = 53EA1CB02153FD7C0030FAF3 /* PBXContainerItemProxy */;
		};
		53EA1CBC2153FD7C0030FAF3 /* PBXTargetDependency */ = {
			isa = PBXTargetDependency;
			target = 53EA1C9A2153FD7B0030FAF3 /* FlickrAPISearch */;
			targetProxy = 53EA1CBB2153FD7C0030FAF3 /* PBXContainerItemProxy */;
		};
/* End PBXTargetDependency section */

/* Begin PBXVariantGroup section */
		53EA1CA22153FD7B0030FAF3 /* Main.storyboard */ = {
			isa = PBXVariantGroup;
			children = (
				53EA1CA32153FD7B0030FAF3 /* Base */,
			);
			name = Main.storyboard;
			sourceTree = "<group>";
		};
		53EA1CA72153FD7C0030FAF3 /* LaunchScreen.storyboard */ = {
			isa = PBXVariantGroup;
			children = (
				53EA1CA82153FD7C0030FAF3 /* Base */,
			);
			name = LaunchScreen.storyboard;
			sourceTree = "<group>";
		};
/* End PBXVariantGroup section */

/* Begin XCBuildConfiguration section */
		53EA1CC12153FD7C0030FAF3 /* Debug */ = {
			isa = XCBuildConfiguration;
			buildSettings = {
				ALWAYS_SEARCH_USER_PATHS = NO;
				CLANG_ANALYZER_NONNULL = YES;
				CLANG_ANALYZER_NUMBER_OBJECT_CONVERSION = YES_AGGRESSIVE;
				CLANG_CXX_LANGUAGE_STANDARD = "gnu++14";
				CLANG_CXX_LIBRARY = "libc++";
				CLANG_ENABLE_MODULES = YES;
				CLANG_ENABLE_OBJC_ARC = YES;
				CLANG_ENABLE_OBJC_WEAK = YES;
				CLANG_WARN_BLOCK_CAPTURE_AUTORELEASING = YES;
				CLANG_WARN_BOOL_CONVERSION = YES;
				CLANG_WARN_COMMA = YES;
				CLANG_WARN_CONSTANT_CONVERSION = YES;
				CLANG_WARN_DEPRECATED_OBJC_IMPLEMENTATIONS = YES;
				CLANG_WARN_DIRECT_OBJC_ISA_USAGE = YES_ERROR;
				CLANG_WARN_DOCUMENTATION_COMMENTS = YES;
				CLANG_WARN_EMPTY_BODY = YES;
				CLANG_WARN_ENUM_CONVERSION = YES;
				CLANG_WARN_INFINITE_RECURSION = YES;
				CLANG_WARN_INT_CONVERSION = YES;
				CLANG_WARN_NON_LITERAL_NULL_CONVERSION = YES;
				CLANG_WARN_OBJC_IMPLICIT_RETAIN_SELF = YES;
				CLANG_WARN_OBJC_LITERAL_CONVERSION = YES;
				CLANG_WARN_OBJC_ROOT_CLASS = YES_ERROR;
				CLANG_WARN_RANGE_LOOP_ANALYSIS = YES;
				CLANG_WARN_STRICT_PROTOTYPES = YES;
				CLANG_WARN_SUSPICIOUS_MOVE = YES;
				CLANG_WARN_UNGUARDED_AVAILABILITY = YES_AGGRESSIVE;
				CLANG_WARN_UNREACHABLE_CODE = YES;
				CLANG_WARN__DUPLICATE_METHOD_MATCH = YES;
				CODE_SIGN_IDENTITY = "iPhone Developer";
				COPY_PHASE_STRIP = NO;
				DEBUG_INFORMATION_FORMAT = dwarf;
				ENABLE_STRICT_OBJC_MSGSEND = YES;
				ENABLE_TESTABILITY = YES;
				GCC_C_LANGUAGE_STANDARD = gnu11;
				GCC_DYNAMIC_NO_PIC = NO;
				GCC_NO_COMMON_BLOCKS = YES;
				GCC_OPTIMIZATION_LEVEL = 0;
				GCC_PREPROCESSOR_DEFINITIONS = (
					"DEBUG=1",
					"$(inherited)",
				);
				GCC_WARN_64_TO_32_BIT_CONVERSION = YES;
				GCC_WARN_ABOUT_RETURN_TYPE = YES_ERROR;
				GCC_WARN_UNDECLARED_SELECTOR = YES;
				GCC_WARN_UNINITIALIZED_AUTOS = YES_AGGRESSIVE;
				GCC_WARN_UNUSED_FUNCTION = YES;
				GCC_WARN_UNUSED_VARIABLE = YES;
				IPHONEOS_DEPLOYMENT_TARGET = 11.4;
				MTL_ENABLE_DEBUG_INFO = YES;
				ONLY_ACTIVE_ARCH = YES;
				SDKROOT = iphoneos;
				SWIFT_ACTIVE_COMPILATION_CONDITIONS = DEBUG;
				SWIFT_OPTIMIZATION_LEVEL = "-Onone";
			};
			name = Debug;
		};
		53EA1CC22153FD7C0030FAF3 /* Release */ = {
			isa = XCBuildConfiguration;
			buildSettings = {
				ALWAYS_SEARCH_USER_PATHS = NO;
				CLANG_ANALYZER_NONNULL = YES;
				CLANG_ANALYZER_NUMBER_OBJECT_CONVERSION = YES_AGGRESSIVE;
				CLANG_CXX_LANGUAGE_STANDARD = "gnu++14";
				CLANG_CXX_LIBRARY = "libc++";
				CLANG_ENABLE_MODULES = YES;
				CLANG_ENABLE_OBJC_ARC = YES;
				CLANG_ENABLE_OBJC_WEAK = YES;
				CLANG_WARN_BLOCK_CAPTURE_AUTORELEASING = YES;
				CLANG_WARN_BOOL_CONVERSION = YES;
				CLANG_WARN_COMMA = YES;
				CLANG_WARN_CONSTANT_CONVERSION = YES;
				CLANG_WARN_DEPRECATED_OBJC_IMPLEMENTATIONS = YES;
				CLANG_WARN_DIRECT_OBJC_ISA_USAGE = YES_ERROR;
				CLANG_WARN_DOCUMENTATION_COMMENTS = YES;
				CLANG_WARN_EMPTY_BODY = YES;
				CLANG_WARN_ENUM_CONVERSION = YES;
				CLANG_WARN_INFINITE_RECURSION = YES;
				CLANG_WARN_INT_CONVERSION = YES;
				CLANG_WARN_NON_LITERAL_NULL_CONVERSION = YES;
				CLANG_WARN_OBJC_IMPLICIT_RETAIN_SELF = YES;
				CLANG_WARN_OBJC_LITERAL_CONVERSION = YES;
				CLANG_WARN_OBJC_ROOT_CLASS = YES_ERROR;
				CLANG_WARN_RANGE_LOOP_ANALYSIS = YES;
				CLANG_WARN_STRICT_PROTOTYPES = YES;
				CLANG_WARN_SUSPICIOUS_MOVE = YES;
				CLANG_WARN_UNGUARDED_AVAILABILITY = YES_AGGRESSIVE;
				CLANG_WARN_UNREACHABLE_CODE = YES;
				CLANG_WARN__DUPLICATE_METHOD_MATCH = YES;
				CODE_SIGN_IDENTITY = "iPhone Developer";
				COPY_PHASE_STRIP = NO;
				DEBUG_INFORMATION_FORMAT = "dwarf-with-dsym";
				ENABLE_NS_ASSERTIONS = NO;
				ENABLE_STRICT_OBJC_MSGSEND = YES;
				GCC_C_LANGUAGE_STANDARD = gnu11;
				GCC_NO_COMMON_BLOCKS = YES;
				GCC_WARN_64_TO_32_BIT_CONVERSION = YES;
				GCC_WARN_ABOUT_RETURN_TYPE = YES_ERROR;
				GCC_WARN_UNDECLARED_SELECTOR = YES;
				GCC_WARN_UNINITIALIZED_AUTOS = YES_AGGRESSIVE;
				GCC_WARN_UNUSED_FUNCTION = YES;
				GCC_WARN_UNUSED_VARIABLE = YES;
				IPHONEOS_DEPLOYMENT_TARGET = 11.4;
				MTL_ENABLE_DEBUG_INFO = NO;
				SDKROOT = iphoneos;
				SWIFT_COMPILATION_MODE = wholemodule;
				SWIFT_OPTIMIZATION_LEVEL = "-O";
				VALIDATE_PRODUCT = YES;
			};
			name = Release;
		};
		53EA1CC42153FD7C0030FAF3 /* Debug */ = {
			isa = XCBuildConfiguration;
			buildSettings = {
				ASSETCATALOG_COMPILER_APPICON_NAME = AppIcon;
				CODE_SIGN_STYLE = Automatic;
				INFOPLIST_FILE = FlickrAPISearch/Info.plist;
				LD_RUNPATH_SEARCH_PATHS = (
					"$(inherited)",
					"@executable_path/Frameworks",
				);
				PRODUCT_BUNDLE_IDENTIFIER = com.apiSearch.FlickrAPISearch;
				PRODUCT_NAME = "$(TARGET_NAME)";
				SWIFT_VERSION = 4.0;
				TARGETED_DEVICE_FAMILY = "1,2";
			};
			name = Debug;
		};
		53EA1CC52153FD7C0030FAF3 /* Release */ = {
			isa = XCBuildConfiguration;
			buildSettings = {
				ASSETCATALOG_COMPILER_APPICON_NAME = AppIcon;
				CODE_SIGN_STYLE = Automatic;
				INFOPLIST_FILE = FlickrAPISearch/Info.plist;
				LD_RUNPATH_SEARCH_PATHS = (
					"$(inherited)",
					"@executable_path/Frameworks",
				);
				PRODUCT_BUNDLE_IDENTIFIER = com.apiSearch.FlickrAPISearch;
				PRODUCT_NAME = "$(TARGET_NAME)";
				SWIFT_VERSION = 4.0;
				TARGETED_DEVICE_FAMILY = "1,2";
			};
			name = Release;
		};
		53EA1CC72153FD7C0030FAF3 /* Debug */ = {
			isa = XCBuildConfiguration;
			buildSettings = {
				ALWAYS_EMBED_SWIFT_STANDARD_LIBRARIES = YES;
				BUNDLE_LOADER = "$(TEST_HOST)";
				CODE_SIGN_STYLE = Automatic;
				INFOPLIST_FILE = FlickrAPISearchTests/Info.plist;
				LD_RUNPATH_SEARCH_PATHS = (
					"$(inherited)",
					"@executable_path/Frameworks",
					"@loader_path/Frameworks",
				);
				PRODUCT_BUNDLE_IDENTIFIER = com.apiSearch.FlickrAPISearchTests;
				PRODUCT_NAME = "$(TARGET_NAME)";
				SWIFT_VERSION = 4.0;
				TARGETED_DEVICE_FAMILY = "1,2";
				TEST_HOST = "$(BUILT_PRODUCTS_DIR)/FlickrAPISearch.app/FlickrAPISearch";
			};
			name = Debug;
		};
		53EA1CC82153FD7C0030FAF3 /* Release */ = {
			isa = XCBuildConfiguration;
			buildSettings = {
				ALWAYS_EMBED_SWIFT_STANDARD_LIBRARIES = YES;
				BUNDLE_LOADER = "$(TEST_HOST)";
				CODE_SIGN_STYLE = Automatic;
				INFOPLIST_FILE = FlickrAPISearchTests/Info.plist;
				LD_RUNPATH_SEARCH_PATHS = (
					"$(inherited)",
					"@executable_path/Frameworks",
					"@loader_path/Frameworks",
				);
				PRODUCT_BUNDLE_IDENTIFIER = com.apiSearch.FlickrAPISearchTests;
				PRODUCT_NAME = "$(TARGET_NAME)";
				SWIFT_VERSION = 4.0;
				TARGETED_DEVICE_FAMILY = "1,2";
				TEST_HOST = "$(BUILT_PRODUCTS_DIR)/FlickrAPISearch.app/FlickrAPISearch";
			};
			name = Release;
		};
		53EA1CCA2153FD7C0030FAF3 /* Debug */ = {
			isa = XCBuildConfiguration;
			buildSettings = {
				ALWAYS_EMBED_SWIFT_STANDARD_LIBRARIES = YES;
				CODE_SIGN_STYLE = Automatic;
				INFOPLIST_FILE = FlickrAPISearchUITests/Info.plist;
				LD_RUNPATH_SEARCH_PATHS = (
					"$(inherited)",
					"@executable_path/Frameworks",
					"@loader_path/Frameworks",
				);
				PRODUCT_BUNDLE_IDENTIFIER = com.apiSearch.FlickrAPISearchUITests;
				PRODUCT_NAME = "$(TARGET_NAME)";
				SWIFT_VERSION = 4.0;
				TARGETED_DEVICE_FAMILY = "1,2";
				TEST_TARGET_NAME = FlickrAPISearch;
			};
			name = Debug;
		};
		53EA1CCB2153FD7C0030FAF3 /* Release */ = {
			isa = XCBuildConfiguration;
			buildSettings = {
				ALWAYS_EMBED_SWIFT_STANDARD_LIBRARIES = YES;
				CODE_SIGN_STYLE = Automatic;
				INFOPLIST_FILE = FlickrAPISearchUITests/Info.plist;
				LD_RUNPATH_SEARCH_PATHS = (
					"$(inherited)",
					"@executable_path/Frameworks",
					"@loader_path/Frameworks",
				);
				PRODUCT_BUNDLE_IDENTIFIER = com.apiSearch.FlickrAPISearchUITests;
				PRODUCT_NAME = "$(TARGET_NAME)";
				SWIFT_VERSION = 4.0;
				TARGETED_DEVICE_FAMILY = "1,2";
				TEST_TARGET_NAME = FlickrAPISearch;
			};
			name = Release;
		};
/* End XCBuildConfiguration section */

/* Begin XCConfigurationList section */
		53EA1C962153FD7B0030FAF3 /* Build configuration list for PBXProject "FlickrAPISearch" */ = {
			isa = XCConfigurationList;
			buildConfigurations = (
				53EA1CC12153FD7C0030FAF3 /* Debug */,
				53EA1CC22153FD7C0030FAF3 /* Release */,
			);
			defaultConfigurationIsVisible = 0;
			defaultConfigurationName = Release;
		};
		53EA1CC32153FD7C0030FAF3 /* Build configuration list for PBXNativeTarget "FlickrAPISearch" */ = {
			isa = XCConfigurationList;
			buildConfigurations = (
				53EA1CC42153FD7C0030FAF3 /* Debug */,
				53EA1CC52153FD7C0030FAF3 /* Release */,
			);
			defaultConfigurationIsVisible = 0;
			defaultConfigurationName = Release;
		};
		53EA1CC62153FD7C0030FAF3 /* Build configuration list for PBXNativeTarget "FlickrAPISearchTests" */ = {
			isa = XCConfigurationList;
			buildConfigurations = (
				53EA1CC72153FD7C0030FAF3 /* Debug */,
				53EA1CC82153FD7C0030FAF3 /* Release */,
			);
			defaultConfigurationIsVisible = 0;
			defaultConfigurationName = Release;
		};
		53EA1CC92153FD7C0030FAF3 /* Build configuration list for PBXNativeTarget "FlickrAPISearchUITests" */ = {
			isa = XCConfigurationList;
			buildConfigurations = (
				53EA1CCA2153FD7C0030FAF3 /* Debug */,
				53EA1CCB2153FD7C0030FAF3 /* Release */,
			);
			defaultConfigurationIsVisible = 0;
			defaultConfigurationName = Release;
		};
/* End XCConfigurationList section */
	};
	rootObject = 53EA1C932153FD7B0030FAF3 /* Project object */;
}
